
Microsoft Visual Studio Solution File, Format Version 12.00
# Visual Studio Version 17
VisualStudioVersion = 17.13.35825.156 d17.13
MinimumVisualStudioVersion = 10.0.40219.1
Project("{FAE04EC0-301F-11D3-BF4B-00C04F79EFBC}") = "Guess-the-word-game", "Guess-the-word-game\Guess-the-word-game.csproj", "{5B377877-A7C1-4C4D-B286-F4846490B8CF}"
EndProject
Global
	GlobalSection(SolutionConfigurationPlatforms) = preSolution
		Debug|Any CPU = Debug|Any CPU
		Release|Any CPU = Release|Any CPU
	EndGlobalSection
	GlobalSection(ProjectConfigurationPlatforms) = postSolution
		{5B377877-A7C1-4C4D-B286-F4846490B8CF}.Debug|Any CPU.ActiveCfg = Debug|Any CPU
		{5B377877-A7C1-4C4D-B286-F4846490B8CF}.Debug|Any CPU.Build.0 = Debug|Any CPU
		{5B377877-A7C1-4C4D-B286-F4846490B8CF}.Release|Any CPU.ActiveCfg = Release|Any CPU
		{5B377877-A7C1-4C4D-B286-F4846490B8CF}.Release|Any CPU.Build.0 = Release|Any CPU
	EndGlobalSection
	GlobalSection(SolutionProperties) = preSolution
		HideSolutionNode = FALSE
	EndGlobalSection
	GlobalSection(ExtensibilityGlobals) = postSolution
		SolutionGuid = {52127ACA-6CF2-4F78-B008-023B0D19D2F0}
	EndGlobalSection
EndGlobal
